// !$*UTF8*$!
{
	archiveVersion = 1;
	classes = {
	};
	objectVersion = 55;
	objects = {

/* Begin PBXBuildFile section */
		3000506827EA772600E45FF8 /* GolfStablefordCalculatorApp.swift in Sources */ = {isa = PBXBuildFile; fileRef = 3000506727EA772600E45FF8 /* GolfStablefordCalculatorApp.swift */; };
		3000506C27EA772700E45FF8 /* Assets.xcassets in Resources */ = {isa = PBXBuildFile; fileRef = 3000506B27EA772700E45FF8 /* Assets.xcassets */; };
		3000506F27EA772700E45FF8 /* Preview Assets.xcassets in Resources */ = {isa = PBXBuildFile; fileRef = 3000506E27EA772700E45FF8 /* Preview Assets.xcassets */; };
		30500EF4289D86230076BB08 /* HoleData.swift in Sources */ = {isa = PBXBuildFile; fileRef = 30500EF3289D86230076BB08 /* HoleData.swift */; };
		30500EF6289D86390076BB08 /* ContentView.swift in Sources */ = {isa = PBXBuildFile; fileRef = 30500EF5289D86390076BB08 /* ContentView.swift */; };
		30500EF8289D864A0076BB08 /* Old_PreviousRoundsView.swift in Sources */ = {isa = PBXBuildFile; fileRef = 30500EF7289D864A0076BB08 /* Old_PreviousRoundsView.swift */; };
		30500EFA289D86590076BB08 /* CreateNewRound.swift in Sources */ = {isa = PBXBuildFile; fileRef = 30500EF9289D86590076BB08 /* CreateNewRound.swift */; };
		30500EFC289D86630076BB08 /* HoleSelectionView.swift in Sources */ = {isa = PBXBuildFile; fileRef = 30500EFB289D86630076BB08 /* HoleSelectionView.swift */; };
		30500EFE289D86710076BB08 /* FormView.swift in Sources */ = {isa = PBXBuildFile; fileRef = 30500EFD289D86710076BB08 /* FormView.swift */; };
		30500F00289D867A0076BB08 /* ButtonView.swift in Sources */ = {isa = PBXBuildFile; fileRef = 30500EFF289D867A0076BB08 /* ButtonView.swift */; };
		30500F02289D86DE0076BB08 /* HoleViewModel.swift in Sources */ = {isa = PBXBuildFile; fileRef = 30500F01289D86DE0076BB08 /* HoleViewModel.swift */; };
		30500F05289D87070076BB08 /* RoundStorage.swift in Sources */ = {isa = PBXBuildFile; fileRef = 30500F04289D87070076BB08 /* RoundStorage.swift */; };
		30541414289EEEB00029F792 /* ListDropDownView.swift in Sources */ = {isa = PBXBuildFile; fileRef = 30541413289EEEB00029F792 /* ListDropDownView.swift */; };
		30541416289EF2A00029F792 /* PreviousRoundsView.swift in Sources */ = {isa = PBXBuildFile; fileRef = 30541415289EF2A00029F792 /* PreviousRoundsView.swift */; };
		3054141828A171AA0029F792 /* RoundData.swift in Sources */ = {isa = PBXBuildFile; fileRef = 3054141728A171AA0029F792 /* RoundData.swift */; };
		3054141A28A174210029F792 /* RoundViewModel.swift in Sources */ = {isa = PBXBuildFile; fileRef = 3054141928A174210029F792 /* RoundViewModel.swift */; };
/* End PBXBuildFile section */

/* Begin PBXFileReference section */
		3000506427EA772600E45FF8 /* Stableford Calculator.app */ = {isa = PBXFileReference; explicitFileType = wrapper.application; includeInIndex = 0; path = "Stableford Calculator.app"; sourceTree = BUILT_PRODUCTS_DIR; };
		3000506727EA772600E45FF8 /* GolfStablefordCalculatorApp.swift */ = {isa = PBXFileReference; lastKnownFileType = sourcecode.swift; path = GolfStablefordCalculatorApp.swift; sourceTree = "<group>"; };
		3000506B27EA772700E45FF8 /* Assets.xcassets */ = {isa = PBXFileReference; lastKnownFileType = folder.assetcatalog; path = Assets.xcassets; sourceTree = "<group>"; };
		3000506E27EA772700E45FF8 /* Preview Assets.xcassets */ = {isa = PBXFileReference; lastKnownFileType = folder.assetcatalog; path = "Preview Assets.xcassets"; sourceTree = "<group>"; };
		30500EF3289D86230076BB08 /* HoleData.swift */ = {isa = PBXFileReference; lastKnownFileType = sourcecode.swift; path = HoleData.swift; sourceTree = "<group>"; };
		30500EF5289D86390076BB08 /* ContentView.swift */ = {isa = PBXFileReference; lastKnownFileType = sourcecode.swift; path = ContentView.swift; sourceTree = "<group>"; };
		30500EF7289D864A0076BB08 /* Old_PreviousRoundsView.swift */ = {isa = PBXFileReference; lastKnownFileType = sourcecode.swift; path = Old_PreviousRoundsView.swift; sourceTree = "<group>"; };
		30500EF9289D86590076BB08 /* CreateNewRound.swift */ = {isa = PBXFileReference; lastKnownFileType = sourcecode.swift; path = CreateNewRound.swift; sourceTree = "<group>"; };
		30500EFB289D86630076BB08 /* HoleSelectionView.swift */ = {isa = PBXFileReference; lastKnownFileType = sourcecode.swift; path = HoleSelectionView.swift; sourceTree = "<group>"; };
		30500EFD289D86710076BB08 /* FormView.swift */ = {isa = PBXFileReference; lastKnownFileType = sourcecode.swift; path = FormView.swift; sourceTree = "<group>"; };
		30500EFF289D867A0076BB08 /* ButtonView.swift */ = {isa = PBXFileReference; lastKnownFileType = sourcecode.swift; path = ButtonView.swift; sourceTree = "<group>"; };
		30500F01289D86DE0076BB08 /* HoleViewModel.swift */ = {isa = PBXFileReference; lastKnownFileType = sourcecode.swift; path = HoleViewModel.swift; sourceTree = "<group>"; };
		30500F04289D87070076BB08 /* RoundStorage.swift */ = {isa = PBXFileReference; lastKnownFileType = sourcecode.swift; path = RoundStorage.swift; sourceTree = "<group>"; };
		30541413289EEEB00029F792 /* ListDropDownView.swift */ = {isa = PBXFileReference; lastKnownFileType = sourcecode.swift; path = ListDropDownView.swift; sourceTree = "<group>"; };
		30541415289EF2A00029F792 /* PreviousRoundsView.swift */ = {isa = PBXFileReference; lastKnownFileType = sourcecode.swift; path = PreviousRoundsView.swift; sourceTree = "<group>"; };
		3054141728A171AA0029F792 /* RoundData.swift */ = {isa = PBXFileReference; lastKnownFileType = sourcecode.swift; path = RoundData.swift; sourceTree = "<group>"; };
		3054141928A174210029F792 /* RoundViewModel.swift */ = {isa = PBXFileReference; lastKnownFileType = sourcecode.swift; path = RoundViewModel.swift; sourceTree = "<group>"; };
/* End PBXFileReference section */

/* Begin PBXFrameworksBuildPhase section */
		3000506127EA772600E45FF8 /* Frameworks */ = {
			isa = PBXFrameworksBuildPhase;
			buildActionMask = 2147483647;
			files = (
			);
			runOnlyForDeploymentPostprocessing = 0;
		};
/* End PBXFrameworksBuildPhase section */

/* Begin PBXGroup section */
		3000505B27EA772600E45FF8 = {
			isa = PBXGroup;
			children = (
				3000506627EA772600E45FF8 /* GolfStablefordCalculator */,
				3000506527EA772600E45FF8 /* Products */,
			);
			sourceTree = "<group>";
		};
		3000506527EA772600E45FF8 /* Products */ = {
			isa = PBXGroup;
			children = (
				3000506427EA772600E45FF8 /* Stableford Calculator.app */,
			);
			name = Products;
			sourceTree = "<group>";
		};
		3000506627EA772600E45FF8 /* GolfStablefordCalculator */ = {
			isa = PBXGroup;
			children = (
				3000506727EA772600E45FF8 /* GolfStablefordCalculatorApp.swift */,
				30500EF0289D85ED0076BB08 /* Model */,
				30500EF2289D85FC0076BB08 /* Views */,
				30500EF1289D85F40076BB08 /* ViewModel */,
				30500F03289D86F70076BB08 /* Persistance */,
				3000506B27EA772700E45FF8 /* Assets.xcassets */,
				3000506D27EA772700E45FF8 /* Preview Content */,
			);
			path = GolfStablefordCalculator;
			sourceTree = "<group>";
		};
		3000506D27EA772700E45FF8 /* Preview Content */ = {
			isa = PBXGroup;
			children = (
				3000506E27EA772700E45FF8 /* Preview Assets.xcassets */,
			);
			path = "Preview Content";
			sourceTree = "<group>";
		};
		30500EF0289D85ED0076BB08 /* Model */ = {
			isa = PBXGroup;
			children = (
				30500EF3289D86230076BB08 /* HoleData.swift */,
				3054141728A171AA0029F792 /* RoundData.swift */,
			);
			path = Model;
			sourceTree = "<group>";
		};
		30500EF1289D85F40076BB08 /* ViewModel */ = {
			isa = PBXGroup;
			children = (
				30500F01289D86DE0076BB08 /* HoleViewModel.swift */,
				3054141928A174210029F792 /* RoundViewModel.swift */,
			);
			path = ViewModel;
			sourceTree = "<group>";
		};
		30500EF2289D85FC0076BB08 /* Views */ = {
			isa = PBXGroup;
			children = (
				30500EF5289D86390076BB08 /* ContentView.swift */,
				30500EF7289D864A0076BB08 /* Old_PreviousRoundsView.swift */,
				30500EF9289D86590076BB08 /* CreateNewRound.swift */,
				30500EFB289D86630076BB08 /* HoleSelectionView.swift */,
				30500EFD289D86710076BB08 /* FormView.swift */,
				30500EFF289D867A0076BB08 /* ButtonView.swift */,
				30541413289EEEB00029F792 /* ListDropDownView.swift */,
				30541415289EF2A00029F792 /* PreviousRoundsView.swift */,
			);
			path = Views;
			sourceTree = "<group>";
		};
		30500F03289D86F70076BB08 /* Persistance */ = {
			isa = PBXGroup;
			children = (
				30500F04289D87070076BB08 /* RoundStorage.swift */,
			);
			path = Persistance;
			sourceTree = "<group>";
		};
/* End PBXGroup section */

/* Begin PBXNativeTarget section */
		3000506327EA772600E45FF8 /* GolfStablefordCalculator */ = {
			isa = PBXNativeTarget;
			buildConfigurationList = 3000507227EA772700E45FF8 /* Build configuration list for PBXNativeTarget "GolfStablefordCalculator" */;
			buildPhases = (
				3000506027EA772600E45FF8 /* Sources */,
				3000506127EA772600E45FF8 /* Frameworks */,
				3000506227EA772600E45FF8 /* Resources */,
			);
			buildRules = (
			);
			dependencies = (
			);
			name = GolfStablefordCalculator;
			productName = GolfStablefordCalculator;
			productReference = 3000506427EA772600E45FF8 /* Stableford Calculator.app */;
			productType = "com.apple.product-type.application";
		};
/* End PBXNativeTarget section */

/* Begin PBXProject section */
		3000505C27EA772600E45FF8 /* Project object */ = {
			isa = PBXProject;
			attributes = {
				BuildIndependentTargetsInParallel = 1;
				LastSwiftUpdateCheck = 1320;
				LastUpgradeCheck = 1320;
				TargetAttributes = {
					3000506327EA772600E45FF8 = {
						CreatedOnToolsVersion = 13.2.1;
					};
				};
			};
			buildConfigurationList = 3000505F27EA772600E45FF8 /* Build configuration list for PBXProject "GolfStablefordCalculator" */;
			compatibilityVersion = "Xcode 13.0";
			developmentRegion = en;
			hasScannedForEncodings = 0;
			knownRegions = (
				en,
				Base,
			);
			mainGroup = 3000505B27EA772600E45FF8;
			productRefGroup = 3000506527EA772600E45FF8 /* Products */;
			projectDirPath = "";
			projectRoot = "";
			targets = (
				3000506327EA772600E45FF8 /* GolfStablefordCalculator */,
			);
		};
/* End PBXProject section */

/* Begin PBXResourcesBuildPhase section */
		3000506227EA772600E45FF8 /* Resources */ = {
			isa = PBXResourcesBuildPhase;
			buildActionMask = 2147483647;
			files = (
				3000506F27EA772700E45FF8 /* Preview Assets.xcassets in Resources */,
				3000506C27EA772700E45FF8 /* Assets.xcassets in Resources */,
			);
			runOnlyForDeploymentPostprocessing = 0;
		};
/* End PBXResourcesBuildPhase section */

/* Begin PBXSourcesBuildPhase section */
		3000506027EA772600E45FF8 /* Sources */ = {
			isa = PBXSourcesBuildPhase;
			buildActionMask = 2147483647;
			files = (
				30541414289EEEB00029F792 /* ListDropDownView.swift in Sources */,
				3000506827EA772600E45FF8 /* GolfStablefordCalculatorApp.swift in Sources */,
				30500EFA289D86590076BB08 /* CreateNewRound.swift in Sources */,
				3054141A28A174210029F792 /* RoundViewModel.swift in Sources */,
				30500F05289D87070076BB08 /* RoundStorage.swift in Sources */,
				30500F00289D867A0076BB08 /* ButtonView.swift in Sources */,
				30500EFE289D86710076BB08 /* FormView.swift in Sources */,
				30500EF4289D86230076BB08 /* HoleData.swift in Sources */,
				30500EF8289D864A0076BB08 /* Old_PreviousRoundsView.swift in Sources */,
				3054141828A171AA0029F792 /* RoundData.swift in Sources */,
				30500F02289D86DE0076BB08 /* HoleViewModel.swift in Sources */,
				30541416289EF2A00029F792 /* PreviousRoundsView.swift in Sources */,
				30500EF6289D86390076BB08 /* ContentView.swift in Sources */,
				30500EFC289D86630076BB08 /* HoleSelectionView.swift in Sources */,
			);
			runOnlyForDeploymentPostprocessing = 0;
		};
/* End PBXSourcesBuildPhase section */

/* Begin XCBuildConfiguration section */
		3000507027EA772700E45FF8 /* Debug */ = {
			isa = XCBuildConfiguration;
			buildSettings = {
				ALWAYS_SEARCH_USER_PATHS = NO;
				CLANG_ANALYZER_NONNULL = YES;
				CLANG_ANALYZER_NUMBER_OBJECT_CONVERSION = YES_AGGRESSIVE;
				CLANG_CXX_LANGUAGE_STANDARD = "gnu++17";
				CLANG_CXX_LIBRARY = "libc++";
				CLANG_ENABLE_MODULES = YES;
				CLANG_ENABLE_OBJC_ARC = YES;
				CLANG_ENABLE_OBJC_WEAK = YES;
				CLANG_WARN_BLOCK_CAPTURE_AUTORELEASING = YES;
				CLANG_WARN_BOOL_CONVERSION = YES;
				CLANG_WARN_COMMA = YES;
				CLANG_WARN_CONSTANT_CONVERSION = YES;
				CLANG_WARN_DEPRECATED_OBJC_IMPLEMENTATIONS = YES;
				CLANG_WARN_DIRECT_OBJC_ISA_USAGE = YES_ERROR;
				CLANG_WARN_DOCUMENTATION_COMMENTS = YES;
				CLANG_WARN_EMPTY_BODY = YES;
				CLANG_WARN_ENUM_CONVERSION = YES;
				CLANG_WARN_INFINITE_RECURSION = YES;
				CLANG_WARN_INT_CONVERSION = YES;
				CLANG_WARN_NON_LITERAL_NULL_CONVERSION = YES;
				CLANG_WARN_OBJC_IMPLICIT_RETAIN_SELF = YES;
				CLANG_WARN_OBJC_LITERAL_CONVERSION = YES;
				CLANG_WARN_OBJC_ROOT_CLASS = YES_ERROR;
				CLANG_WARN_QUOTED_INCLUDE_IN_FRAMEWORK_HEADER = YES;
				CLANG_WARN_RANGE_LOOP_ANALYSIS = YES;
				CLANG_WARN_STRICT_PROTOTYPES = YES;
				CLANG_WARN_SUSPICIOUS_MOVE = YES;
				CLANG_WARN_UNGUARDED_AVAILABILITY = YES_AGGRESSIVE;
				CLANG_WARN_UNREACHABLE_CODE = YES;
				CLANG_WARN__DUPLICATE_METHOD_MATCH = YES;
				COPY_PHASE_STRIP = NO;
				DEBUG_INFORMATION_FORMAT = dwarf;
				ENABLE_STRICT_OBJC_MSGSEND = YES;
				ENABLE_TESTABILITY = YES;
				GCC_C_LANGUAGE_STANDARD = gnu11;
				GCC_DYNAMIC_NO_PIC = NO;
				GCC_NO_COMMON_BLOCKS = YES;
				GCC_OPTIMIZATION_LEVEL = 0;
				GCC_PREPROCESSOR_DEFINITIONS = (
					"DEBUG=1",
					"$(inherited)",
				);
				GCC_WARN_64_TO_32_BIT_CONVERSION = YES;
				GCC_WARN_ABOUT_RETURN_TYPE = YES_ERROR;
				GCC_WARN_UNDECLARED_SELECTOR = YES;
				GCC_WARN_UNINITIALIZED_AUTOS = YES_AGGRESSIVE;
				GCC_WARN_UNUSED_FUNCTION = YES;
				GCC_WARN_UNUSED_VARIABLE = YES;
				IPHONEOS_DEPLOYMENT_TARGET = 15.2;
				MTL_ENABLE_DEBUG_INFO = INCLUDE_SOURCE;
				MTL_FAST_MATH = YES;
				ONLY_ACTIVE_ARCH = YES;
				SDKROOT = iphoneos;
				SWIFT_ACTIVE_COMPILATION_CONDITIONS = DEBUG;
				SWIFT_OPTIMIZATION_LEVEL = "-Onone";
			};
			name = Debug;
		};
		3000507127EA772700E45FF8 /* Release */ = {
			isa = XCBuildConfiguration;
			buildSettings = {
				ALWAYS_SEARCH_USER_PATHS = NO;
				CLANG_ANALYZER_NONNULL = YES;
				CLANG_ANALYZER_NUMBER_OBJECT_CONVERSION = YES_AGGRESSIVE;
				CLANG_CXX_LANGUAGE_STANDARD = "gnu++17";
				CLANG_CXX_LIBRARY = "libc++";
				CLANG_ENABLE_MODULES = YES;
				CLANG_ENABLE_OBJC_ARC = YES;
				CLANG_ENABLE_OBJC_WEAK = YES;
				CLANG_WARN_BLOCK_CAPTURE_AUTORELEASING = YES;
				CLANG_WARN_BOOL_CONVERSION = YES;
				CLANG_WARN_COMMA = YES;
				CLANG_WARN_CONSTANT_CONVERSION = YES;
				CLANG_WARN_DEPRECATED_OBJC_IMPLEMENTATIONS = YES;
				CLANG_WARN_DIRECT_OBJC_ISA_USAGE = YES_ERROR;
				CLANG_WARN_DOCUMENTATION_COMMENTS = YES;
				CLANG_WARN_EMPTY_BODY = YES;
				CLANG_WARN_ENUM_CONVERSION = YES;
				CLANG_WARN_INFINITE_RECURSION = YES;
				CLANG_WARN_INT_CONVERSION = YES;
				CLANG_WARN_NON_LITERAL_NULL_CONVERSION = YES;
				CLANG_WARN_OBJC_IMPLICIT_RETAIN_SELF = YES;
				CLANG_WARN_OBJC_LITERAL_CONVERSION = YES;
				CLANG_WARN_OBJC_ROOT_CLASS = YES_ERROR;
				CLANG_WARN_QUOTED_INCLUDE_IN_FRAMEWORK_HEADER = YES;
				CLANG_WARN_RANGE_LOOP_ANALYSIS = YES;
				CLANG_WARN_STRICT_PROTOTYPES = YES;
				CLANG_WARN_SUSPICIOUS_MOVE = YES;
				CLANG_WARN_UNGUARDED_AVAILABILITY = YES_AGGRESSIVE;
				CLANG_WARN_UNREACHABLE_CODE = YES;
				CLANG_WARN__DUPLICATE_METHOD_MATCH = YES;
				COPY_PHASE_STRIP = NO;
				DEBUG_INFORMATION_FORMAT = "dwarf-with-dsym";
				ENABLE_NS_ASSERTIONS = NO;
				ENABLE_STRICT_OBJC_MSGSEND = YES;
				GCC_C_LANGUAGE_STANDARD = gnu11;
				GCC_NO_COMMON_BLOCKS = YES;
				GCC_WARN_64_TO_32_BIT_CONVERSION = YES;
				GCC_WARN_ABOUT_RETURN_TYPE = YES_ERROR;
				GCC_WARN_UNDECLARED_SELECTOR = YES;
				GCC_WARN_UNINITIALIZED_AUTOS = YES_AGGRESSIVE;
				GCC_WARN_UNUSED_FUNCTION = YES;
				GCC_WARN_UNUSED_VARIABLE = YES;
				IPHONEOS_DEPLOYMENT_TARGET = 15.2;
				MTL_ENABLE_DEBUG_INFO = NO;
				MTL_FAST_MATH = YES;
				SDKROOT = iphoneos;
				SWIFT_COMPILATION_MODE = wholemodule;
				SWIFT_OPTIMIZATION_LEVEL = "-O";
				VALIDATE_PRODUCT = YES;
			};
			name = Release;
		};
		3000507327EA772700E45FF8 /* Debug */ = {
			isa = XCBuildConfiguration;
			buildSettings = {
				ASSETCATALOG_COMPILER_APPICON_NAME = AppIcon;
				ASSETCATALOG_COMPILER_GLOBAL_ACCENT_COLOR_NAME = AccentColor;
				CODE_SIGN_STYLE = Automatic;
				CURRENT_PROJECT_VERSION = 1;
				DEVELOPMENT_ASSET_PATHS = "\"GolfStablefordCalculator/Preview Content\"";
				DEVELOPMENT_TEAM = 9SLC94245Z;
				ENABLE_PREVIEWS = YES;
				GENERATE_INFOPLIST_FILE = YES;
				INFOPLIST_KEY_UIApplicationSceneManifest_Generation = YES;
				INFOPLIST_KEY_UIApplicationSupportsIndirectInputEvents = YES;
				INFOPLIST_KEY_UILaunchScreen_Generation = YES;
				INFOPLIST_KEY_UISupportedInterfaceOrientations_iPad = "UIInterfaceOrientationPortrait UIInterfaceOrientationPortraitUpsideDown UIInterfaceOrientationLandscapeLeft UIInterfaceOrientationLandscapeRight";
				INFOPLIST_KEY_UISupportedInterfaceOrientations_iPhone = "UIInterfaceOrientationPortrait UIInterfaceOrientationLandscapeLeft UIInterfaceOrientationLandscapeRight";
				LD_RUNPATH_SEARCH_PATHS = (
					"$(inherited)",
					"@executable_path/Frameworks",
				);
				MARKETING_VERSION = 1.0;
				PRODUCT_BUNDLE_IDENTIFIER = com.DannyWade.GolfStablefordCalculator;
				PRODUCT_NAME = "Stableford Calculator";
				SWIFT_EMIT_LOC_STRINGS = YES;
				SWIFT_VERSION = 5.0;
				TARGETED_DEVICE_FAMILY = "1,2";
			};
			name = Debug;
		};
		3000507427EA772700E45FF8 /* Release */ = {
			isa = XCBuildConfiguration;
			buildSettings = {
				ASSETCATALOG_COMPILER_APPICON_NAME = AppIcon;
				ASSETCATALOG_COMPILER_GLOBAL_ACCENT_COLOR_NAME = AccentColor;
				CODE_SIGN_STYLE = Automatic;
				CURRENT_PROJECT_VERSION = 1;
				DEVELOPMENT_ASSET_PATHS = "\"GolfStablefordCalculator/Preview Content\"";
				DEVELOPMENT_TEAM = 9SLC94245Z;
				ENABLE_PREVIEWS = YES;
				GENERATE_INFOPLIST_FILE = YES;
				INFOPLIST_KEY_UIApplicationSceneManifest_Generation = YES;
				INFOPLIST_KEY_UIApplicationSupportsIndirectInputEvents = YES;
				INFOPLIST_KEY_UILaunchScreen_Generation = YES;
				INFOPLIST_KEY_UISupportedInterfaceOrientations_iPad = "UIInterfaceOrientationPortrait UIInterfaceOrientationPortraitUpsideDown UIInterfaceOrientationLandscapeLeft UIInterfaceOrientationLandscapeRight";
				INFOPLIST_KEY_UISupportedInterfaceOrientations_iPhone = "UIInterfaceOrientationPortrait UIInterfaceOrientationLandscapeLeft UIInterfaceOrientationLandscapeRight";
				LD_RUNPATH_SEARCH_PATHS = (
					"$(inherited)",
					"@executable_path/Frameworks",
				);
				MARKETING_VERSION = 1.0;
				PRODUCT_BUNDLE_IDENTIFIER = com.DannyWade.GolfStablefordCalculator;
				PRODUCT_NAME = "Stableford Calculator";
				SWIFT_EMIT_LOC_STRINGS = YES;
				SWIFT_VERSION = 5.0;
				TARGETED_DEVICE_FAMILY = "1,2";
			};
			name = Release;
		};
/* End XCBuildConfiguration section */

/* Begin XCConfigurationList section */
		3000505F27EA772600E45FF8 /* Build configuration list for PBXProject "GolfStablefordCalculator" */ = {
			isa = XCConfigurationList;
			buildConfigurations = (
				3000507027EA772700E45FF8 /* Debug */,
				3000507127EA772700E45FF8 /* Release */,
			);
			defaultConfigurationIsVisible = 0;
			defaultConfigurationName = Release;
		};
		3000507227EA772700E45FF8 /* Build configuration list for PBXNativeTarget "GolfStablefordCalculator" */ = {
			isa = XCConfigurationList;
			buildConfigurations = (
				3000507327EA772700E45FF8 /* Debug */,
				3000507427EA772700E45FF8 /* Release */,
			);
			defaultConfigurationIsVisible = 0;
			defaultConfigurationName = Release;
		};
/* End XCConfigurationList section */
	};
	rootObject = 3000505C27EA772600E45FF8 /* Project object */;
}
